// !$*UTF8*$!
{
	archiveVersion = 1;
	classes = {
	};
	objectVersion = 48;
	objects = {

/* Begin PBXBuildFile section */
		D609AD451F98D33600F7606D /* AppDelegate.m in Sources */ = {isa = PBXBuildFile; fileRef = D609AD441F98D33600F7606D /* AppDelegate.m */; };
		D609AD481F98D33600F7606D /* ViewController.m in Sources */ = {isa = PBXBuildFile; fileRef = D609AD471F98D33600F7606D /* ViewController.m */; };
		D609AD4B1F98D33600F7606D /* Main.storyboard in Resources */ = {isa = PBXBuildFile; fileRef = D609AD491F98D33600F7606D /* Main.storyboard */; };
		D609AD4D1F98D33600F7606D /* Assets.xcassets in Resources */ = {isa = PBXBuildFile; fileRef = D609AD4C1F98D33600F7606D /* Assets.xcassets */; };
		D609AD501F98D33600F7606D /* LaunchScreen.storyboard in Resources */ = {isa = PBXBuildFile; fileRef = D609AD4E1F98D33600F7606D /* LaunchScreen.storyboard */; };
		D609AD531F98D33600F7606D /* main.m in Sources */ = {isa = PBXBuildFile; fileRef = D609AD521F98D33600F7606D /* main.m */; };
/* End PBXBuildFile section */

/* Begin PBXFileReference section */
		D609AD401F98D33600F7606D /* ObserverRemovalCheckerExample.app */ = {isa = PBXFileReference; explicitFileType = wrapper.application; includeInIndex = 0; path = ObserverRemovalCheckerExample.app; sourceTree = BUILT_PRODUCTS_DIR; };
		D609AD431F98D33600F7606D /* AppDelegate.h */ = {isa = PBXFileReference; lastKnownFileType = sourcecode.c.h; path = AppDelegate.h; sourceTree = "<group>"; };
		D609AD441F98D33600F7606D /* AppDelegate.m */ = {isa = PBXFileReference; lastKnownFileType = sourcecode.c.objc; path = AppDelegate.m; sourceTree = "<group>"; };
		D609AD461F98D33600F7606D /* ViewController.h */ = {isa = PBXFileReference; lastKnownFileType = sourcecode.c.h; path = ViewController.h; sourceTree = "<group>"; };
		D609AD471F98D33600F7606D /* ViewController.m */ = {isa = PBXFileReference; lastKnownFileType = sourcecode.c.objc; path = ViewController.m; sourceTree = "<group>"; };
		D609AD4A1F98D33600F7606D /* Base */ = {isa = PBXFileReference; lastKnownFileType = file.storyboard; name = Base; path = Base.lproj/Main.storyboard; sourceTree = "<group>"; };
		D609AD4C1F98D33600F7606D /* Assets.xcassets */ = {isa = PBXFileReference; lastKnownFileType = folder.assetcatalog; path = Assets.xcassets; sourceTree = "<group>"; };
		D609AD4F1F98D33600F7606D /* Base */ = {isa = PBXFileReference; lastKnownFileType = file.storyboard; name = Base; path = Base.lproj/LaunchScreen.storyboard; sourceTree = "<group>"; };
		D609AD511F98D33600F7606D /* Info.plist */ = {isa = PBXFileReference; lastKnownFileType = text.plist.xml; path = Info.plist; sourceTree = "<group>"; };
		D609AD521F98D33600F7606D /* main.m */ = {isa = PBXFileReference; lastKnownFileType = sourcecode.c.objc; path = main.m; sourceTree = "<group>"; };
/* End PBXFileReference section */

/* Begin PBXFrameworksBuildPhase section */
		D609AD3D1F98D33600F7606D /* Frameworks */ = {
			isa = PBXFrameworksBuildPhase;
			buildActionMask = 2147483647;
			files = (
			);
			runOnlyForDeploymentPostprocessing = 0;
		};
/* End PBXFrameworksBuildPhase section */

/* Begin PBXGroup section */
		D609AD371F98D33600F7606D = {
			isa = PBXGroup;
			children = (
				D609AD421F98D33600F7606D /* ObserverRemovalCheckerExample */,
				D609AD411F98D33600F7606D /* Products */,
			);
			sourceTree = "<group>";
		};
		D609AD411F98D33600F7606D /* Products */ = {
			isa = PBXGroup;
			children = (
				D609AD401F98D33600F7606D /* ObserverRemovalCheckerExample.app */,
			);
			name = Products;
			sourceTree = "<group>";
		};
		D609AD421F98D33600F7606D /* ObserverRemovalCheckerExample */ = {
			isa = PBXGroup;
			children = (
				D609AD431F98D33600F7606D /* AppDelegate.h */,
				D609AD441F98D33600F7606D /* AppDelegate.m */,
				D609AD461F98D33600F7606D /* ViewController.h */,
				D609AD471F98D33600F7606D /* ViewController.m */,
				D609AD491F98D33600F7606D /* Main.storyboard */,
				D609AD4C1F98D33600F7606D /* Assets.xcassets */,
				D609AD4E1F98D33600F7606D /* LaunchScreen.storyboard */,
				D609AD511F98D33600F7606D /* Info.plist */,
				D609AD521F98D33600F7606D /* main.m */,
			);
			path = ObserverRemovalCheckerExample;
			sourceTree = "<group>";
		};
/* End PBXGroup section */

/* Begin PBXNativeTarget section */
		D609AD3F1F98D33600F7606D /* ObserverRemovalCheckerExample */ = {
			isa = PBXNativeTarget;
			buildConfigurationList = D609AD561F98D33600F7606D /* Build configuration list for PBXNativeTarget "ObserverRemovalCheckerExample" */;
			buildPhases = (
				D67B60451F98DDCF00FCACBA /* ShellScript */,
				D609AD3C1F98D33600F7606D /* Sources */,
				D609AD3D1F98D33600F7606D /* Frameworks */,
				D609AD3E1F98D33600F7606D /* Resources */,
			);
			buildRules = (
			);
			dependencies = (
			);
			name = ObserverRemovalCheckerExample;
			productName = ObserverRemovalCheckerExample;
			productReference = D609AD401F98D33600F7606D /* ObserverRemovalCheckerExample.app */;
			productType = "com.apple.product-type.application";
		};
/* End PBXNativeTarget section */

/* Begin PBXProject section */
		D609AD381F98D33600F7606D /* Project object */ = {
			isa = PBXProject;
			attributes = {
				LastUpgradeCheck = 0900;
				ORGANIZATIONNAME = "Uncle Wang Tech";
				TargetAttributes = {
					D609AD3F1F98D33600F7606D = {
						CreatedOnToolsVersion = 9.0.1;
						ProvisioningStyle = Automatic;
					};
				};
			};
			buildConfigurationList = D609AD3B1F98D33600F7606D /* Build configuration list for PBXProject "ObserverRemovalCheckerExample" */;
			compatibilityVersion = "Xcode 8.0";
			developmentRegion = en;
			hasScannedForEncodings = 0;
			knownRegions = (
				en,
				Base,
			);
			mainGroup = D609AD371F98D33600F7606D;
			productRefGroup = D609AD411F98D33600F7606D /* Products */;
			projectDirPath = "";
			projectRoot = "";
			targets = (
				D609AD3F1F98D33600F7606D /* ObserverRemovalCheckerExample */,
			);
		};
/* End PBXProject section */

/* Begin PBXResourcesBuildPhase section */
		D609AD3E1F98D33600F7606D /* Resources */ = {
			isa = PBXResourcesBuildPhase;
			buildActionMask = 2147483647;
			files = (
				D609AD501F98D33600F7606D /* LaunchScreen.storyboard in Resources */,
				D609AD4D1F98D33600F7606D /* Assets.xcassets in Resources */,
				D609AD4B1F98D33600F7606D /* Main.storyboard in Resources */,
			);
			runOnlyForDeploymentPostprocessing = 0;
		};
/* End PBXResourcesBuildPhase section */

/* Begin PBXShellScriptBuildPhase section */
		D67B60451F98DDCF00FCACBA /* ShellScript */ = {
			isa = PBXShellScriptBuildPhase;
			buildActionMask = 2147483647;
			files = (
			);
			inputPaths = (
			);
			outputPaths = (
			);
			runOnlyForDeploymentPostprocessing = 0;
			shellPath = /bin/sh;
			shellScript = "sh $SRCROOT/../observer_removal_checker.sh";
		};
/* End PBXShellScriptBuildPhase section */

/* Begin PBXSourcesBuildPhase section */
		D609AD3C1F98D33600F7606D /* Sources */ = {
			isa = PBXSourcesBuildPhase;
			buildActionMask = 2147483647;
			files = (
				D609AD481F98D33600F7606D /* ViewController.m in Sources */,
				D609AD531F98D33600F7606D /* main.m in Sources */,
				D609AD451F98D33600F7606D /* AppDelegate.m in Sources */,
			);
			runOnlyForDeploymentPostprocessing = 0;
		};
/* End PBXSourcesBuildPhase section */

/* Begin PBXVariantGroup section */
		D609AD491F98D33600F7606D /* Main.storyboard */ = {
			isa = PBXVariantGroup;
			children = (
				D609AD4A1F98D33600F7606D /* Base */,
			);
			name = Main.storyboard;
			sourceTree = "<group>";
		};
		D609AD4E1F98D33600F7606D /* LaunchScreen.storyboard */ = {
			isa = PBXVariantGroup;
			children = (
				D609AD4F1F98D33600F7606D /* Base */,
			);
			name = LaunchScreen.storyboard;
			sourceTree = "<group>";
		};
/* End PBXVariantGroup section */

/* Begin XCBuildConfiguration section */
		D609AD541F98D33600F7606D /* Debug */ = {
			isa = XCBuildConfiguration;
			buildSettings = {
				ALWAYS_SEARCH_USER_PATHS = NO;
				CLANG_ANALYZER_NONNULL = YES;
				CLANG_ANALYZER_NUMBER_OBJECT_CONVERSION = YES_AGGRESSIVE;
				CLANG_CXX_LANGUAGE_STANDARD = "gnu++14";
				CLANG_CXX_LIBRARY = "libc++";
				CLANG_ENABLE_MODULES = YES;
				CLANG_ENABLE_OBJC_ARC = YES;
				CLANG_WARN_BLOCK_CAPTURE_AUTORELEASING = YES;
				CLANG_WARN_BOOL_CONVERSION = YES;
				CLANG_WARN_COMMA = YES;
				CLANG_WARN_CONSTANT_CONVERSION = YES;
				CLANG_WARN_DIRECT_OBJC_ISA_USAGE = YES_ERROR;
				CLANG_WARN_DOCUMENTATION_COMMENTS = YES;
				CLANG_WARN_EMPTY_BODY = YES;
				CLANG_WARN_ENUM_CONVERSION = YES;
				CLANG_WARN_INFINITE_RECURSION = YES;
				CLANG_WARN_INT_CONVERSION = YES;
				CLANG_WARN_NON_LITERAL_NULL_CONVERSION = YES;
				CLANG_WARN_OBJC_LITERAL_CONVERSION = YES;
				CLANG_WARN_OBJC_ROOT_CLASS = YES_ERROR;
				CLANG_WARN_RANGE_LOOP_ANALYSIS = YES;
				CLANG_WARN_STRICT_PROTOTYPES = YES;
				CLANG_WARN_SUSPICIOUS_MOVE = YES;
				CLANG_WARN_UNGUARDED_AVAILABILITY = YES_AGGRESSIVE;
				CLANG_WARN_UNREACHABLE_CODE = YES;
				CLANG_WARN__DUPLICATE_METHOD_MATCH = YES;
				CODE_SIGN_IDENTITY = "iPhone Developer";
				COPY_PHASE_STRIP = NO;
				DEBUG_INFORMATION_FORMAT = dwarf;
				ENABLE_STRICT_OBJC_MSGSEND = YES;
				ENABLE_TESTABILITY = YES;
				GCC_C_LANGUAGE_STANDARD = gnu11;
				GCC_DYNAMIC_NO_PIC = NO;
				GCC_NO_COMMON_BLOCKS = YES;
				GCC_OPTIMIZATION_LEVEL = 0;
				GCC_PREPROCESSOR_DEFINITIONS = (
					"DEBUG=1",
					"$(inherited)",
				);
				GCC_WARN_64_TO_32_BIT_CONVERSION = YES;
				GCC_WARN_ABOUT_RETURN_TYPE = YES_ERROR;
				GCC_WARN_UNDECLARED_SELECTOR = YES;
				GCC_WARN_UNINITIALIZED_AUTOS = YES_AGGRESSIVE;
				GCC_WARN_UNUSED_FUNCTION = YES;
				GCC_WARN_UNUSED_VARIABLE = YES;
				IPHONEOS_DEPLOYMENT_TARGET = 11.0;
				MTL_ENABLE_DEBUG_INFO = YES;
				ONLY_ACTIVE_ARCH = YES;
				SDKROOT = iphoneos;
			};
			name = Debug;
		};
		D609AD551F98D33600F7606D /* Release */ = {
			isa = XCBuildConfiguration;
			buildSettings = {
				ALWAYS_SEARCH_USER_PATHS = NO;
				CLANG_ANALYZER_NONNULL = YES;
				CLANG_ANALYZER_NUMBER_OBJECT_CONVERSION = YES_AGGRESSIVE;
				CLANG_CXX_LANGUAGE_STANDARD = "gnu++14";
				CLANG_CXX_LIBRARY = "libc++";
				CLANG_ENABLE_MODULES = YES;
				CLANG_ENABLE_OBJC_ARC = YES;
				CLANG_WARN_BLOCK_CAPTURE_AUTORELEASING = YES;
				CLANG_WARN_BOOL_CONVERSION = YES;
				CLANG_WARN_COMMA = YES;
				CLANG_WARN_CONSTANT_CONVERSION = YES;
				CLANG_WARN_DIRECT_OBJC_ISA_USAGE = YES_ERROR;
				CLANG_WARN_DOCUMENTATION_COMMENTS = YES;
				CLANG_WARN_EMPTY_BODY = YES;
				CLANG_WARN_ENUM_CONVERSION = YES;
				CLANG_WARN_INFINITE_RECURSION = YES;
				CLANG_WARN_INT_CONVERSION = YES;
				CLANG_WARN_NON_LITERAL_NULL_CONVERSION = YES;
				CLANG_WARN_OBJC_LITERAL_CONVERSION = YES;
				CLANG_WARN_OBJC_ROOT_CLASS = YES_ERROR;
				CLANG_WARN_RANGE_LOOP_ANALYSIS = YES;
				CLANG_WARN_STRICT_PROTOTYPES = YES;
				CLANG_WARN_SUSPICIOUS_MOVE = YES;
				CLANG_WARN_UNGUARDED_AVAILABILITY = YES_AGGRESSIVE;
				CLANG_WARN_UNREACHABLE_CODE = YES;
				CLANG_WARN__DUPLICATE_METHOD_MATCH = YES;
				CODE_SIGN_IDENTITY = "iPhone Developer";
				COPY_PHASE_STRIP = NO;
				DEBUG_INFORMATION_FORMAT = "dwarf-with-dsym";
				ENABLE_NS_ASSERTIONS = NO;
				ENABLE_STRICT_OBJC_MSGSEND = YES;
				GCC_C_LANGUAGE_STANDARD = gnu11;
				GCC_NO_COMMON_BLOCKS = YES;
				GCC_WARN_64_TO_32_BIT_CONVERSION = YES;
				GCC_WARN_ABOUT_RETURN_TYPE = YES_ERROR;
				GCC_WARN_UNDECLARED_SELECTOR = YES;
				GCC_WARN_UNINITIALIZED_AUTOS = YES_AGGRESSIVE;
				GCC_WARN_UNUSED_FUNCTION = YES;
				GCC_WARN_UNUSED_VARIABLE = YES;
				IPHONEOS_DEPLOYMENT_TARGET = 11.0;
				MTL_ENABLE_DEBUG_INFO = NO;
				SDKROOT = iphoneos;
				VALIDATE_PRODUCT = YES;
			};
			name = Release;
		};
		D609AD571F98D33600F7606D /* Debug */ = {
			isa = XCBuildConfiguration;
			buildSettings = {
				ASSETCATALOG_COMPILER_APPICON_NAME = AppIcon;
				CODE_SIGN_STYLE = Automatic;
				INFOPLIST_FILE = ObserverRemovalCheckerExample/Info.plist;
				LD_RUNPATH_SEARCH_PATHS = "$(inherited) @executable_path/Frameworks";
				PRODUCT_BUNDLE_IDENTIFIER = com.unclewang.ObserverRemovalCheckerExample;
				PRODUCT_NAME = "$(TARGET_NAME)";
				TARGETED_DEVICE_FAMILY = "1,2";
			};
			name = Debug;
		};
		D609AD581F98D33600F7606D /* Release */ = {
			isa = XCBuildConfiguration;
			buildSettings = {
				ASSETCATALOG_COMPILER_APPICON_NAME = AppIcon;
				CODE_SIGN_STYLE = Automatic;
				INFOPLIST_FILE = ObserverRemovalCheckerExample/Info.plist;
				LD_RUNPATH_SEARCH_PATHS = "$(inherited) @executable_path/Frameworks";
				PRODUCT_BUNDLE_IDENTIFIER = com.unclewang.ObserverRemovalCheckerExample;
				PRODUCT_NAME = "$(TARGET_NAME)";
				TARGETED_DEVICE_FAMILY = "1,2";
			};
			name = Release;
		};
/* End XCBuildConfiguration section */

/* Begin XCConfigurationList section */
		D609AD3B1F98D33600F7606D /* Build configuration list for PBXProject "ObserverRemovalCheckerExample" */ = {
			isa = XCConfigurationList;
			buildConfigurations = (
				D609AD541F98D33600F7606D /* Debug */,
				D609AD551F98D33600F7606D /* Release */,
			);
			defaultConfigurationIsVisible = 0;
			defaultConfigurationName = Release;
		};
		D609AD561F98D33600F7606D /* Build configuration list for PBXNativeTarget "ObserverRemovalCheckerExample" */ = {
			isa = XCConfigurationList;
			buildConfigurations = (
				D609AD571F98D33600F7606D /* Debug */,
				D609AD581F98D33600F7606D /* Release */,
			);
			defaultConfigurationIsVisible = 0;
			defaultConfigurationName = Release;
		};
/* End XCConfigurationList section */
	};
	rootObject = D609AD381F98D33600F7606D /* Project object */;
}
